
Microsoft Visual Studio Solution File, Format Version 12.00
# Visual Studio 15
VisualStudioVersion = 15.0.28307.1062
MinimumVisualStudioVersion = 10.0.40219.1
Project("{FAE04EC0-301F-11D3-BF4B-00C04F79EFBC}") = "RockPaperScissors", "RockPaperScissors\RockPaperScissors.csproj", "{B7AB50D4-631C-48AD-AF6C-DC11268348F9}"
EndProject
Global
	GlobalSection(SolutionConfigurationPlatforms) = preSolution
		Debug|Any CPU = Debug|Any CPU
		Release|Any CPU = Release|Any CPU
	EndGlobalSection
	GlobalSection(ProjectConfigurationPlatforms) = postSolution
		{B7AB50D4-631C-48AD-AF6C-DC11268348F9}.Debug|Any CPU.ActiveCfg = Debug|Any CPU
		{B7AB50D4-631C-48AD-AF6C-DC11268348F9}.Debug|Any CPU.Build.0 = Debug|Any CPU
		{B7AB50D4-631C-48AD-AF6C-DC11268348F9}.Release|Any CPU.ActiveCfg = Release|Any CPU
		{B7AB50D4-631C-48AD-AF6C-DC11268348F9}.Release|Any CPU.Build.0 = Release|Any CPU
	EndGlobalSection
	GlobalSection(SolutionProperties) = preSolution
		HideSolutionNode = FALSE
	EndGlobalSection
	GlobalSection(ExtensibilityGlobals) = postSolution
		SolutionGuid = {87E057C7-D66C-43E6-89D5-458B87E777FE}
	EndGlobalSection
EndGlobal
